# This file is automatically @generated by Poetry 2.2.1 and should not be changed by hand.

[[package]]
name = "platformdirs"
version = "4.11.0"
description = "A small Python package for determining appropriate platform-specific dirs, e.g. a `user data dir`."
optional = false
python-versions = ">=3.10"
groups = ["main"]
files = [
    {file = "platformdirs-4.11.0-py3-none-any.whl", hash = "sha256:360ccded2b7fce0af0ff80cc8f5942a1c5d99b0e856033acb030bfc634709e74"},
    {file = "platformdirs-4.11.0.tar.gz", hash = "sha256:0555d18370482847566ffabcaa53ad7c6c1c29f195989ae1ed634a05f76ea1e0"},
]

[metadata]
lock-version = "2.1"
python-versions = ">=3.14,<4"
content-hash = "b126cb85cd7866df03fb3e6df41353fa40825977e4fabf8752cb39afbf3f5644"
